github.com/BurntSushi/toml v0.3.0 h1:e1/Ivsx3Z0FVTV0NSOv/aVgbUWyQuzj7DDnFblkRvsY=
github.com/BurntSushi/toml v0.3.0/go.mod h1:xHWCNGjB5oqiDr8zfno3MHue2Ht5sIBksp03qcyfWMU=
github.com/CanonicalLtd/omniutils v0.0.0-20180607151646-ed3ed7dca482 h1:z73GY/40yo6qWIli4iZF5YAm9+QMEh+ib0yjWtkJD1s=
github.com/CanonicalLtd/omniutils v0.0.0-20180607151646-ed3ed7dca482/go.mod h1:5V82xWN3v1yBIydXmOEoIi8AEc6eD+anbxaEiYPyB6k=
github.com/ajstarks/svgo v0.0.0-20141004211159-89e3ac64b5b3 h1:T8jEYyGBYGpEfGFizvl7BB/uyxtVEnMz2M8+GqsCGuE=
github.com/ajstarks/svgo v0.0.0-20141004211159-89e3ac64b5b3/go.mod h1:K08gAheRH3/J6wwsYMMT4xOr94bZjxIelGM0+d/wbFw=
github.com/beorn7/perks v0.0.0-20160804104726-4c0e84591b9a h1:BtpsbiV638WQZwhA98cEZw2BsbnQJrbd0BI7tsy0W1c=
github.com/beorn7/perks v0.0.0-20160804104726-4c0e84591b9a/go.mod h1:Dwedo/Wpr24TaqPxmxbtue+5NUziq4I4S80YR8gNf3Q=
github.com/cloud-green/monitoring v0.0.0-20171127132220-666e3beca3cb h1:tbMTJZL4JD5nVvk6xNtD2DovF4Hqzn84yTSx4su2HNs=
github.com/cloud-green/monitoring v0.0.0-20171127132220-666e3beca3cb/go.mod h1:WGFh0Idi1w3qgbdg5FiPBBf/QhvwwRtqvgG/nYZ+JRs=
github.com/davecgh/go-spew v1.1.1 h1:vj9j/u1bqnvCEfJOwUhtlOARqs3+rkHYY13jYWTU97c=
github.com/davecgh/go-spew v1.1.1/go.mod h1:J7Y8YcW2NihsgmVo/mv3lAwl/skON4iLHjSsI+c5H38=
github.com/dgrijalva/jwt-go v0.0.0-20160705203006-01aeca54ebda h1:NyywMz59neOoVRFDz+ccfKWxn784fiHMDnZSy6T+JXY=
github.com/dgrijalva/jwt-go v0.0.0-20160705203006-01aeca54ebda/go.mod h1:E3ru+11k8xSBh+hMPgOLZmtrrCbhqsmaPHjLKYnJCaQ=
github.com/golang/protobuf v1.0.0 h1:lsek0oXi8iFE9L+EXARyHIjU5rlWIhhTkjDz3vHhWWQ=
github.com/golang/protobuf v1.0.0/go.mod h1:6lQm79b+lXiMfvg/cZm0SGofjICqVBUtrP5yJMmIC1U=
github.com/gorilla/handlers v0.0.0-20170224193955-13d73096a474 h1:KNovrfevBTefw9X8FKnoaKhKOc+UWmGsQRsiZRTkGl4=
github.com/gorilla/handlers v0.0.0-20170224193955-13d73096a474/go.mod h1:Qkdc/uu4tH4g6mTK6auzZ766c4CA0Ng8+o/OAirnOIQ=
github.com/juju/collections v0.0.0-20180516022642-90152009b5f3 h1:vsgRzWJryhjAt1d+IoKZsD/toE8PZAOGDZEXqGITT90=
github.com/juju/collections v0.0.0-20180516022642-90152009b5f3/go.mod h1:Ep+c0vnxsgmmTtsMibPgEEleZyi0b4uVvyzJ+8ka9EI=
github.com/juju/errors v0.0.0-20170703010042-c7d06af17c68 h1:d2hBkTvi7B89+OXY8+bBBshPlc+7JYacGrG/dFak8SQ=
github.com/juju/errors v0.0.0-20170703010042-c7d06af17c68/go.mod h1:W54LbzXuIE0boCoNJfwqpmkKJ1O4TCTZMetAt6jGk7Q=
github.com/juju/gojsonpointer v0.0.0-20150204194629-afe8b77aa08f h1:QzpKmMsaP06HVZnYNlcy1CLIXPytsj2NuzfCHitxuus=
github.com/juju/gojsonpointer v0.0.0-20150204194629-afe8b77aa08f/go.mod h1:IsZAJBSicjtWD22i4pWwfl0xgijIeBEOIJYwgM9bpqw=
github.com/juju/gojsonreference v0.0.0-20150204194633-f0d24ac5ee33 h1:huRsqE0iXmVPTML75YvFBOiaNj4ZiCZgKVnkRQ06d3w=
github.com/juju/gojsonreference v0.0.0-20150204194633-f0d24ac5ee33/go.mod h1:UxUZdlQkjnbl3YoCZT1y5uxmvG2KMwqgffBFccD7qHI=
github.com/juju/gojsonschema v0.0.0-20150312170016-e1ad140384f2 h1:VqIDC6dRE0C7wEtTdT6zx2zP5omaoJiZXp2g/dBHRcE=
github.com/juju/gojsonschema v0.0.0-20150312170016-e1ad140384f2/go.mod h1:w3BDUH3gGgrcrAyvEbBy3lNb1vmdqG31UMn3njL8oGc=
github.com/juju/httpprof v0.0.0-20141217160036-14bf14c30767 h1:COsaGcfAONDdIDnGS8yFdxOyReP7zKQEr7jFzCHKDkM=
github.com/juju/httpprof v0.0.0-20141217160036-14bf14c30767/go.mod h1:+MaLYz4PumRkkyHYeXJ2G5g5cIW0sli2bOfpmbaMV/g=
github.com/juju/httprequest v0.0.0-20161006150909-266fd1e9debf h1:+qtbaX4Z0htlSnO91dEAOa4BGBVv6ZhbLS+4dy+ZuDQ=
github.com/juju/httprequest v0.0.0-20161006150909-266fd1e9debf/go.mod h1:ogcnuLPnijli/VAQT3/CU+2EdSTVsGRfpWTV/VY457I=
github.com/juju/idmclient v0.0.0-20161107140250-fb1dc7175251 h1:BtpU10VkuUbEbsfttDqkHfaZGboeHTgQ3nqA5CRdwsY=
github.com/juju/idmclient v0.0.0-20161107140250-fb1dc7175251/go.mod h1:SunI8KQv7kOPexz10/wL/9OM2btemSzsHcjBuceZ6xY=
github.com/juju/loggo v0.0.0-20180524022052-584905176618 h1:MK144iBQF9hTSwBW/9eJm034bVoG30IshVm688T2hi8=
github.com/juju/loggo v0.0.0-20180524022052-584905176618/go.mod h1:vgyd7OREkbtVEN/8IXZe5Ooef3LQePvuBm9UWj6ZL8U=
github.com/juju/mempool v0.0.0-20160205104927-24974d6c264f h1:a3Vd00a20dTKLpyS2hdUafNG5zxQdTw5KhDMK5C0a8U=
github.com/juju/mempool v0.0.0-20160205104927-24974d6c264f/go.mod h1:+7K7MqWi5xWI+s1LyB2g0Di71jZo27y+XOlmhNtV1Y0=
github.com/juju/retry v0.0.0-20151029024821-62c620325291 h1:Rp0pLxDOsLDDwh2S73oHLI2KTFFyrF6oM/DgP0FhhBk=
github.com/juju/retry v0.0.0-20151029024821-62c620325291/go.mod h1:OohPQGsr4pnxwD5YljhQ+TZnuVRYpa5irjugL1Yuif4=
github.com/juju/schema v0.0.0-20180109041850-e4f08199aa80 h1:zZbJxnEdj3Qtgp4V604CYw6kudIbcf1oOliipA0hl/g=
github.com/juju/schema v0.0.0-20180109041850-e4f08199aa80/go.mod h1:7dL+43wADDfx5rD9ibr5H9Dgr4iOM3uHOa1i4IVLak8=
github.com/juju/testing v0.0.0-20180402130637-44801989f0f7 h1:IOzyKRl+7X8/fDIqNUDQH73yo8bqDrMEh90y9Il158A=
github.com/juju/testing v0.0.0-20180402130637-44801989f0f7/go.mod h1:63prj8cnj0tU0S9OHjGJn+b1h0ZghCndfnbQolrYTwA=
github.com/juju/utils v0.0.0-20180207021810-d18e608d0140 h1:93sOF0XClqgxN7GJa7gizDo8oj0GxbFVrqzA+jLDy88=
github.com/juju/utils v0.0.0-20180207021810-d18e608d0140/go.mod h1:6/KLg8Wz/y2KVGWEpkK9vMNGkOnu4k/cqs8Z1fKjTOk=
github.com/juju/version v0.0.0-20161031051906-1f41e27e54f2 h1:loQDi5MyxxNm7Q42mBGuPD6X+F6zw8j5S9yexLgn/BE=
github.com/juju/version v0.0.0-20161031051906-1f41e27e54f2/go.mod h1:kE8gK5X0CImdr7qpSKl3xB2PmpySSmfj7zVbkZFs81U=
github.com/juju/webbrowser v0.0.0-20160309143629-54b8c57083b4 h1:go1FDIXkFL8AUWgJ7B68rtFWCidyrMfZH9x3xwFK74s=
github.com/juju/webbrowser v0.0.0-20160309143629-54b8c57083b4/go.mod h1:G6PCelgkM6cuvyD10iYJsjLBsSadVXtJ+nBxFAxE2BU=
github.com/juju/xml v0.0.0-20150413131121-eb759a627588 h1:sr4LCVUJTRlQxK/pBTUihgdGsUvJ6NVsiszop4AJkCw=
github.com/juju/xml v0.0.0-20150413131121-eb759a627588/go.mod h1:RnnCV6b9HzujjOLGRpqvZc8INbwtBzZlhbCj5R9F1vw=
github.com/juju/zip v0.0.0-20160205105221-f6b1e93fa2e2 h1:McU3wXjBrKfJcOt2Pali5qEir9NLrqOh4EECzdWHknM=
github.com/juju/zip v0.0.0-20160205105221-f6b1e93fa2e2/go.mod h1:3mJ64RiWU2x9U6IigvcoVLra6LZQTOwMuHpk02OtOJc=
github.com/julienschmidt/httprouter v0.0.0-20151013225520-77a895ad01eb h1:a8sYyruWLyKeMay8GPF+nwZ36xT7A0oNyn68Q6wJ5cc=
github.com/julienschmidt/httprouter v0.0.0-20151013225520-77a895ad01eb/go.mod h1:SYymIcj16QtmaHHD7aYtjjsJG7VTCxuUUipMqKk8s4w=
github.com/lib/pq v0.0.0-20180822103908-55f6f2718ccb h1:y4wxGMpTq5l97SEl+BPMZoDPyRHQjrKwb5ze4psanic=
github.com/lib/pq v0.0.0-20180822103908-55f6f2718ccb/go.mod h1:5WUZQaWbwv1U+lTReE5YruASi9Al49XbQIvNi/34Woo=
github.com/matttproud/golang_protobuf_extensions v1.0.1 h1:4hp9jkHxhMHkqkrB3Ix0jegS5sx/RkqARlsWZ6pIwiU=
github.com/matttproud/golang_protobuf_extensions v1.0.1/go.mod h1:D8He9yQNgCq6Z5Ld7szi9bcBfOoFv/3dc6xSMkL2PC0=
github.com/pmezard/go-difflib v1.0.0 h1:4DBwDE0NGyQoBHbLQYPwSUPoCMWR5BEzIk/f1lZbAQM=
github.com/pmezard/go-difflib v1.0.0/go.mod h1:iKH77koFhYxTK1pcRnkKkqfTogsbg7gZNVY4sRDYZ/4=
github.com/prometheus/client_golang v0.0.0-20161124155732-575f371f7862 h1:iDIro+5xQV9yVkRhr91wWstwWp3/4KI76XJlSKJljU4=
github.com/prometheus/client_golang v0.0.0-20161124155732-575f371f7862/go.mod h1:7SWBe2y4D6OKWSNQJUaRYU/AaXPKyh/dDVn+NZz0KFw=
github.com/prometheus/client_model v0.0.0-20171117100541-99fa1f4be8e5 h1:cLL6NowurKLMfCeQy4tIeph12XNQWgANCNvdyrOYKV4=
github.com/prometheus/client_model v0.0.0-20171117100541-99fa1f4be8e5/go.mod h1:MbSGuTsp3dbXC40dX6PRTWyKYBIrTGTE9sqQNg2J8bo=
github.com/prometheus/common v0.0.0-20180228092548-6fb6fce6f8b7 h1:M7FNIWkkGynttTfTsqQSWnhqzNS5ubqaXSJT7oGDfgI=
github.com/prometheus/common v0.0.0-20180228092548-6fb6fce6f8b7/go.mod h1:daVV7qP5qjZbuso7PdcryaAu0sAZbrN9i7WWcTMWvro=
github.com/prometheus/procfs v0.0.0-20180228150732-d274e363d575 h1:4Zb2avblo3TR4qHIkHe0HDHiGnV2/a3SIAHe91/6tiM=
github.com/prometheus/procfs v0.0.0-20180228150732-d274e363d575/go.mod h1:c3At6R/oaqEKCNdg8wHV1ftS6bRYblBhIjjI8uT2IGk=
github.com/rogpeppe/fastuuid v0.0.0-20150106093220-6724a57986af h1:gu+uRPtBe88sKxUCEXRoeCvVG90TJmwhiqRpvdhQFng=
github.com/rogpeppe/fastuuid v0.0.0-20150106093220-6724a57986af/go.mod h1:XWv6SoW27p1b0cqNHllgS5HIMJraePCO15w5zCzIWYg=
github.com/stretchr/testify v1.2.2 h1:bSDNvY7ZPG5RlJ8otE/7V6gMiyenm9RtJ7IUVIAoJ1w=
github.com/stretchr/testify v1.2.2/go.mod h1:a8OnRcib4nhh0OaRAV+Yts87kKdq0PP7pXfy6kDkUVs=
golang.org/x/crypto v0.0.0-20180524125353-159ae71589f3 h1:mPCVkWhSH1DSDQg4ZwAFYMo/+evpqK1WzBt33b9TXRE=
golang.org/x/crypto v0.0.0-20180524125353-159ae71589f3/go.mod h1:6SG95UA2DQfeDnfUPMdvaQW0Q7yPrPDi9nlGo2tz2b4=
golang.org/x/net v0.0.0-20180306060152-d25186b37f34 h1:iFnCuNSN/vI6MpVNGKchMAS+XtQqe4z/g9mSPtIKy8E=
golang.org/x/net v0.0.0-20180306060152-d25186b37f34/go.mod h1:mL1N/T3taQHkDXs73rZJwtUhF3w3ftmwwsq0BUmARs4=
golang.org/x/sync v0.0.0-20180314180146-1d60e4601c6f h1:wMNYb4v58l5UBM7MYRLPG6ZhfOqbKu7X5eyFl8ZhKvA=
golang.org/x/sync v0.0.0-20180314180146-1d60e4601c6f/go.mod h1:RxMgew5VJxzue5/jJTE5uejpjVlOe/izrB70Jof72aM=
gopkg.in/check.v1 v0.0.0-20161208181325-20d25e280405/go.mod h1:Co6ibVJAznAaIkqp8huTwlJQCZ016jof/cbN4VW5Yz0=
gopkg.in/check.v1 v1.0.0-20160105164936-4f90aeace3a2 h1:+j1SppRob9bAgoYmsdW9NNBdKZfgYuWpqnYHv78Qt8w=
gopkg.in/check.v1 v1.0.0-20160105164936-4f90aeace3a2/go.mod h1:Co6ibVJAznAaIkqp8huTwlJQCZ016jof/cbN4VW5Yz0=
gopkg.in/errgo.v1 v1.0.0-20161222125816-442357a80af5 h1:C61FEf19ZFrkIbSSCWRHvzrtgrcRh/kiH4HZ5VIIqe8=
gopkg.in/errgo.v1 v1.0.0-20161222125816-442357a80af5/go.mod h1:u0ALmqvLRxLI95fkdCEWrE6mhWYZW1aMOJHp5YXLHTg=
gopkg.in/goose.v2 v2.0.0-20180814191012-c6b4881f832a h1:Mw1qfbMGQUc5BWjh8FV3fOOCZjSbdH2TADyRf072ef8=
gopkg.in/goose.v2 v2.0.0-20180814191012-c6b4881f832a/go.mod h1:X3PYCIEMHdiiAiEpk6rdBgT6ACN+bfZWQ6y1G6qGJ+c=
gopkg.in/httprequest.v1 v1.0.0-20180319125457-3531529dedf0 h1:TA78IWGmXkHRSpdVn/U2qqyTCmG+2ogcpq2pV6v2NS4=
gopkg.in/httprequest.v1 v1.0.0-20180319125457-3531529dedf0/go.mod h1:/CkavNL+g3qLOrpFHVrEx4NKepeqR4XTZWNj4sGGjz0=
gopkg.in/juju/charm.v6 v6.0.0-20180803030015-abaa717bc6ed h1:anqjplWArzy+BPznhFRVlqdSo4rA4lNEt4t9DWoG04w=
gopkg.in/juju/charm.v6 v6.0.0-20180803030015-abaa717bc6ed/go.mod h1:281mnuYcs2K9RJNBwP33vlsqQvd2sWs/052ypKpAs2c=
gopkg.in/juju/charmrepo.v3 v3.0.0-20180619105831-1068bda266ca h1:CHM7DrmiXmcuM2qclp7K57dLvHPBJqMRo580rjw05A0=
gopkg.in/juju/charmrepo.v3 v3.0.0-20180619105831-1068bda266ca/go.mod h1:668xH3HE/21XxiU1h4WIkc4tX2QjG5tmZeVmUMDYXYA=
gopkg.in/juju/charmrepo.v3 v3.0.0-20180905145233-637712781b6d h1:TAMGUXxja3zJs3WYwaXJtQVYurMz9rLkW9h3J8COtpU=
gopkg.in/juju/charmrepo.v3 v3.0.0-20180905145233-637712781b6d/go.mod h1:668xH3HE/21XxiU1h4WIkc4tX2QjG5tmZeVmUMDYXYA=
gopkg.in/juju/charmrepo.v3 v3.0.0 h1:Q05d9U59ucbHhPJ1MMTbBCjBjcvLdMXjKherDdYHR6c=
gopkg.in/juju/charmrepo.v3 v3.0.0/go.mod h1:668xH3HE/21XxiU1h4WIkc4tX2QjG5tmZeVmUMDYXYA=
gopkg.in/juju/jujusvg.v3 v3.0.0-20180628074225-b69768dfdf88 h1:YwvSSTCZvpY0C698TIq7iAhIrZMVV2VZY02LBWYSUA4=
gopkg.in/juju/jujusvg.v3 v3.0.0-20180628074225-b69768dfdf88/go.mod h1:uIEctZrm7CelaLTco1ugaXeigXUtGguk99joF/Epxc4=
gopkg.in/juju/names.v2 v2.0.0-20171113112047-54f00845ae47 h1:w2Yt8TmMuXAoC+J6ZkSJxSVoGtMl3+0HCc0xLveuFBY=
gopkg.in/juju/names.v2 v2.0.0-20171113112047-54f00845ae47/go.mod h1:XXa/v5qG1IsStRg5KTE8JkDMndoDMOKH1YYw0jSUWaM=
gopkg.in/juju/worker.v1 v1.0.0-20170308002458-6965b9d82671 h1:qzNcnTcLIaXGmtKAjyiXEQQFYFRLvH6yuU7Lw8YJPr8=
gopkg.in/juju/worker.v1 v1.0.0-20170308002458-6965b9d82671/go.mod h1:qrHtdkZtlLoAWF0wb7YwrREeiitm5EzizN0MmIbAFxA=
gopkg.in/macaroon-bakery.v2-unstable v2.0.0-20160623142747-5a131df02b23 h1:S88MgoRPFdaABeKpvhA0IOsNheGcGgPSRp96Fd5vblw=
gopkg.in/macaroon-bakery.v2-unstable v2.0.0-20160623142747-5a131df02b23/go.mod h1:53bMIZyOgPepp72UGm3VktAilV+WdJdp6EdCx27mNy4=
gopkg.in/macaroon.v2-unstable v2.0.0-20180309131217-66ab28d0d56f h1:8hfmaQW+QZ7wIMQdPiJ2dbTlKvCFv8XLj/ZzkV1XM+g=
gopkg.in/macaroon.v2-unstable v2.0.0-20180309131217-66ab28d0d56f/go.mod h1:is/o1iMtbJ8TwBvtmV/w/HLJ8r8DcuBqlU2cdi+80OI=
gopkg.in/mgo.v2 v2.0.0-20160818020120-3f83fa500528 h1:/saqWwm73dLmuzbNhe92F0QsZ/KiFND+esHco2v1hiY=
gopkg.in/mgo.v2 v2.0.0-20160818020120-3f83fa500528/go.mod h1:yeKp02qBN3iKW1OzL3MGk2IdtZzaj7SFntXj72NppTA=
gopkg.in/natefinch/lumberjack.v2 v2.0.0-20170531180850-df99d62fd42d h1:OcCVYXNtNR0atgUveHvW25qtiCQv+2OqEUQ0SABShpE=
gopkg.in/natefinch/lumberjack.v2 v2.0.0-20170531180850-df99d62fd42d/go.mod h1:l0ndWWf7gzL7RNwBG7wST/UCcT4T24xpD6X8LsfU/+k=
gopkg.in/retry.v1 v1.0.0 h1:3Y8lgzJJvVGK8GKeiUhRpfNqdG3QLrCyVvubUVE4COg=
gopkg.in/retry.v1 v1.0.0/go.mod h1:vVowKz5q49oxHG8AyXjsr6MGDyX2pQRrhjrsAou+stU=
gopkg.in/tomb.v1 v1.0.0-20141024135613-dd632973f1e7 h1:uRGJdciOHaEIrze2W8Q3AKkepLTh2hOroT7a+7czfdQ=
gopkg.in/tomb.v1 v1.0.0-20141024135613-dd632973f1e7/go.mod h1:dt/ZhP58zS4L8KSrWDmTeBkI65Dw0HsyUHuEVlX15mw=
gopkg.in/tomb.v2 v2.0.0-20161208151619-d5d1b5820637 h1:yiW+nvdHb9LVqSHQBXfZCieqV4fzYhNBql77zY0ykqs=
gopkg.in/tomb.v2 v2.0.0-20161208151619-d5d1b5820637/go.mod h1:BHsqpu/nsuzkT5BpiH1EMZPLyqSMM8JbIavyFACoFNk=
gopkg.in/yaml.v2 v2.1.1 h1:fxK3tv8mQPVEgxu/S2LJ040LyqiajHt+syP0CdDS/Sc=
gopkg.in/yaml.v2 v2.1.1/go.mod h1:hI93XBmqTisBFMUTm0b8Fm+jr3Dg1NNxqwp+5A1VGuI=
launchpad.net/gocheck v0.0.0-20140225173054-000000000087 h1:Izowp2XBH6Ya6rv+hqbceQyw/gSGoXfH/UPoTGduL54=
launchpad.net/gocheck v0.0.0-20140225173054-000000000087/go.mod h1:hj7XX3B/0A+80Vse0e+BUHsHMTEhd0O4cpUHr/e/BUM=
