github.com/BurntSushi/toml v0.3.1 h1:WXkYYl6Yr3qBf1K79EBnL4mak0OimBfB0XUf9Vl28OQ=
github.com/BurntSushi/toml v0.3.1/go.mod h1:xHWCNGjB5oqiDr8zfno3MHue2Ht5sIBksp03qcyfWMU=
github.com/ajstarks/svgo v0.0.0-20181006003313-6ce6a3bcf6cd h1:JdtityihAc6A+gVfYh6vGXfZQg+XOLyBvla/7NbXFCg=
github.com/ajstarks/svgo v0.0.0-20181006003313-6ce6a3bcf6cd/go.mod h1:K08gAheRH3/J6wwsYMMT4xOr94bZjxIelGM0+d/wbFw=
github.com/beorn7/perks v0.0.0-20180321164747-3a771d992973 h1:xJ4a3vCFaGF/jqvzLMYoU8P317H5OQ+Via4RmuPwCS0=
github.com/beorn7/perks v0.0.0-20180321164747-3a771d992973/go.mod h1:Dwedo/Wpr24TaqPxmxbtue+5NUziq4I4S80YR8gNf3Q=
github.com/davecgh/go-spew v1.1.1 h1:vj9j/u1bqnvCEfJOwUhtlOARqs3+rkHYY13jYWTU97c=
github.com/davecgh/go-spew v1.1.1/go.mod h1:J7Y8YcW2NihsgmVo/mv3lAwl/skON4iLHjSsI+c5H38=
github.com/dgrijalva/jwt-go v0.0.0-20160705203006-01aeca54ebda h1:NyywMz59neOoVRFDz+ccfKWxn784fiHMDnZSy6T+JXY=
github.com/dgrijalva/jwt-go v0.0.0-20160705203006-01aeca54ebda/go.mod h1:E3ru+11k8xSBh+hMPgOLZmtrrCbhqsmaPHjLKYnJCaQ=
github.com/frankban/quicktest v1.1.0 h1:Fw/voXLo2r0Tvu5uy/GV/W5XpT7LYfbrqottX3kz8YE=
github.com/frankban/quicktest v1.1.0/go.mod h1:R98jIehRai+d1/3Hv2//jOVCTJhW1VBavT6B6CuGq2k=
github.com/golang/protobuf v1.2.0 h1:P3YflyNX/ehuJFLhxviNdFxQPkGK5cDcApsge1SqnvM=
github.com/golang/protobuf v1.2.0/go.mod h1:6lQm79b+lXiMfvg/cZm0SGofjICqVBUtrP5yJMmIC1U=
github.com/google/go-cmp v0.2.0 h1:+dTQ8DZQJz0Mb/HjFlkptS1FeQ4cWSnN941F8aEG4SQ=
github.com/google/go-cmp v0.2.0/go.mod h1:oXzfMopK8JAjlY9xF4vHSVASa0yLyX7SntLO5aqRK0M=
github.com/gorilla/handlers v0.0.0-20170224193955-13d73096a474 h1:KNovrfevBTefw9X8FKnoaKhKOc+UWmGsQRsiZRTkGl4=
github.com/gorilla/handlers v0.0.0-20170224193955-13d73096a474/go.mod h1:Qkdc/uu4tH4g6mTK6auzZ766c4CA0Ng8+o/OAirnOIQ=
github.com/juju/ansiterm v0.0.0-20160907234532-b99631de12cf/go.mod h1:UJSiEoRfvx3hP73CvoARgeLjaIOjybY9vj8PUPPFGeU=
github.com/juju/clock v0.0.0-20180808021310-bab88fc67299 h1:K9nBHQ3UNqg/HhZkQnGG2AE4YxDyNmGS9FFT2gGegLQ=
github.com/juju/clock v0.0.0-20180808021310-bab88fc67299/go.mod h1:nD0vlnrUjcjJhqN5WuCWZyzfd5AHZAC9/ajvbSx69xA=
github.com/juju/collections v0.0.0-20180717171555-9be91dc79b7c h1:m/Uo8B7nrH3K6nvk66Y67T7cbHcyY101rW24vGuMON8=
github.com/juju/collections v0.0.0-20180717171555-9be91dc79b7c/go.mod h1:Ep+c0vnxsgmmTtsMibPgEEleZyi0b4uVvyzJ+8ka9EI=
github.com/juju/errors v0.0.0-20150916125642-1b5e39b83d18/go.mod h1:W54LbzXuIE0boCoNJfwqpmkKJ1O4TCTZMetAt6jGk7Q=
github.com/juju/errors v0.0.0-20180726005433-812b06ada177 h1:UliPGoJWlIH3IkkFqnPy/xYF/2tkTRTZhMt8/CwGUvw=
github.com/juju/errors v0.0.0-20180726005433-812b06ada177/go.mod h1:W54LbzXuIE0boCoNJfwqpmkKJ1O4TCTZMetAt6jGk7Q=
github.com/juju/gojsonpointer v0.0.0-20150204194629-afe8b77aa08f h1:QzpKmMsaP06HVZnYNlcy1CLIXPytsj2NuzfCHitxuus=
github.com/juju/gojsonpointer v0.0.0-20150204194629-afe8b77aa08f/go.mod h1:IsZAJBSicjtWD22i4pWwfl0xgijIeBEOIJYwgM9bpqw=
github.com/juju/gojsonreference v0.0.0-20150204194633-f0d24ac5ee33 h1:huRsqE0iXmVPTML75YvFBOiaNj4ZiCZgKVnkRQ06d3w=
github.com/juju/gojsonreference v0.0.0-20150204194633-f0d24ac5ee33/go.mod h1:UxUZdlQkjnbl3YoCZT1y5uxmvG2KMwqgffBFccD7qHI=
github.com/juju/gojsonschema v0.0.0-20150312170016-e1ad140384f2 h1:VqIDC6dRE0C7wEtTdT6zx2zP5omaoJiZXp2g/dBHRcE=
github.com/juju/gojsonschema v0.0.0-20150312170016-e1ad140384f2/go.mod h1:w3BDUH3gGgrcrAyvEbBy3lNb1vmdqG31UMn3njL8oGc=
github.com/juju/httpprof v0.0.0-20141217160036-14bf14c30767 h1:COsaGcfAONDdIDnGS8yFdxOyReP7zKQEr7jFzCHKDkM=
github.com/juju/httpprof v0.0.0-20141217160036-14bf14c30767/go.mod h1:+MaLYz4PumRkkyHYeXJ2G5g5cIW0sli2bOfpmbaMV/g=
github.com/juju/httprequest v1.0.1 h1:p7XMlMkx0A8gW6sws2+uHcRr38f9BvF8MQOfKfJihq4=
github.com/juju/httprequest v1.0.1/go.mod h1:K+CyYVHU/NcfbMpK7YIVobh4U4Fci3EUB2AqIRtl+xs=
github.com/juju/idmclient v0.0.0-20161107140250-fb1dc7175251 h1:BtpU10VkuUbEbsfttDqkHfaZGboeHTgQ3nqA5CRdwsY=
github.com/juju/idmclient v0.0.0-20161107140250-fb1dc7175251/go.mod h1:SunI8KQv7kOPexz10/wL/9OM2btemSzsHcjBuceZ6xY=
github.com/juju/loggo v0.0.0-20160818025724-3b7ece48644d/go.mod h1:vgyd7OREkbtVEN/8IXZe5Ooef3LQePvuBm9UWj6ZL8U=
github.com/juju/loggo v0.0.0-20180524022052-584905176618 h1:MK144iBQF9hTSwBW/9eJm034bVoG30IshVm688T2hi8=
github.com/juju/loggo v0.0.0-20180524022052-584905176618/go.mod h1:vgyd7OREkbtVEN/8IXZe5Ooef3LQePvuBm9UWj6ZL8U=
github.com/juju/mempool v0.0.0-20160205104927-24974d6c264f h1:a3Vd00a20dTKLpyS2hdUafNG5zxQdTw5KhDMK5C0a8U=
github.com/juju/mempool v0.0.0-20160205104927-24974d6c264f/go.mod h1:+7K7MqWi5xWI+s1LyB2g0Di71jZo27y+XOlmhNtV1Y0=
github.com/juju/mgomonitor v0.0.0-20181029151116-52206bb0cd31 h1:v6GpXmpXOD6KwPbApRlwDGQxf1FpS6gfLdfVbE4ZLzk=
github.com/juju/mgomonitor v0.0.0-20181029151116-52206bb0cd31/go.mod h1:m6E+J+I+cE+6rcaVxSI4HwGLIEOCSOBMYedt3Sewh+U=
github.com/juju/retry v0.0.0-20151029024821-62c620325291/go.mod h1:OohPQGsr4pnxwD5YljhQ+TZnuVRYpa5irjugL1Yuif4=
github.com/juju/retry v0.0.0-20160928201858-1998d01ba1c3 h1:56R9RckAEUeaptI0yGE8tzNAs3dD6Wf7giI6D51Czx8=
github.com/juju/retry v0.0.0-20160928201858-1998d01ba1c3/go.mod h1:OohPQGsr4pnxwD5YljhQ+TZnuVRYpa5irjugL1Yuif4=
github.com/juju/retry v0.0.0-20180821225755-9058e192b216 h1:/eQL7EJQKFHByJe3DeE8Z36yqManj9UY5zppDoQi4FU=
github.com/juju/retry v0.0.0-20180821225755-9058e192b216/go.mod h1:OohPQGsr4pnxwD5YljhQ+TZnuVRYpa5irjugL1Yuif4=
github.com/juju/schema v0.0.0-20180109041850-e4f08199aa80 h1:zZbJxnEdj3Qtgp4V604CYw6kudIbcf1oOliipA0hl/g=
github.com/juju/schema v0.0.0-20180109041850-e4f08199aa80/go.mod h1:7dL+43wADDfx5rD9ibr5H9Dgr4iOM3uHOa1i4IVLak8=
github.com/juju/testing v0.0.0-20161031103713-b8689951f6db/go.mod h1:63prj8cnj0tU0S9OHjGJn+b1h0ZghCndfnbQolrYTwA=
github.com/juju/testing v0.0.0-20180517134105-72703b1e95eb h1:oHBF98WnC1lqCv/W7I7gxnLjD6xJieJ8yt/3IrnMthY=
github.com/juju/testing v0.0.0-20180517134105-72703b1e95eb/go.mod h1:63prj8cnj0tU0S9OHjGJn+b1h0ZghCndfnbQolrYTwA=
github.com/juju/testing v0.0.0-20180820040200-b0b89ba330f2 h1:MkeihacQp3clmXRJ+cNMR/J7Vhn2p54QrC9mYeoFESc=
github.com/juju/testing v0.0.0-20180820040200-b0b89ba330f2/go.mod h1:63prj8cnj0tU0S9OHjGJn+b1h0ZghCndfnbQolrYTwA=
github.com/juju/utils v0.0.0-20161003233226-28c01ec2ad93/go.mod h1:6/KLg8Wz/y2KVGWEpkK9vMNGkOnu4k/cqs8Z1fKjTOk=
github.com/juju/utils v0.0.0-20180619112806-c746c6e86f4f h1:ig+5pmJmjxPAf8bwQUDpo7Z0E5l6nh1xE8artIt+A/Y=
github.com/juju/utils v0.0.0-20180619112806-c746c6e86f4f/go.mod h1:6/KLg8Wz/y2KVGWEpkK9vMNGkOnu4k/cqs8Z1fKjTOk=
github.com/juju/version v0.0.0-20160603194958-4ae6172c0062/go.mod h1:kE8gK5X0CImdr7qpSKl3xB2PmpySSmfj7zVbkZFs81U=
github.com/juju/version v0.0.0-20180108022336-b64dbd566305 h1:lQxPJ1URr2fjsKnJRt/BxiIxjLt9IKGvS+0injMHbag=
github.com/juju/version v0.0.0-20180108022336-b64dbd566305/go.mod h1:kE8gK5X0CImdr7qpSKl3xB2PmpySSmfj7zVbkZFs81U=
github.com/juju/webbrowser v0.0.0-20180907093207-efb9432b2bcb h1:iffwDjS1xyg1Owlh8OZV4kd4P6pVHNZOxIja+ia2nKE=
github.com/juju/webbrowser v0.0.0-20180907093207-efb9432b2bcb/go.mod h1:G6PCelgkM6cuvyD10iYJsjLBsSadVXtJ+nBxFAxE2BU=
github.com/juju/xml v0.0.0-20150413131121-eb759a627588 h1:sr4LCVUJTRlQxK/pBTUihgdGsUvJ6NVsiszop4AJkCw=
github.com/juju/xml v0.0.0-20150413131121-eb759a627588/go.mod h1:RnnCV6b9HzujjOLGRpqvZc8INbwtBzZlhbCj5R9F1vw=
github.com/juju/zip v0.0.0-20160205105221-f6b1e93fa2e2 h1:McU3wXjBrKfJcOt2Pali5qEir9NLrqOh4EECzdWHknM=
github.com/juju/zip v0.0.0-20160205105221-f6b1e93fa2e2/go.mod h1:3mJ64RiWU2x9U6IigvcoVLra6LZQTOwMuHpk02OtOJc=
github.com/julienschmidt/httprouter v0.0.0-20151013225520-77a895ad01eb h1:a8sYyruWLyKeMay8GPF+nwZ36xT7A0oNyn68Q6wJ5cc=
github.com/julienschmidt/httprouter v0.0.0-20151013225520-77a895ad01eb/go.mod h1:SYymIcj16QtmaHHD7aYtjjsJG7VTCxuUUipMqKk8s4w=
github.com/kr/pretty v0.1.0 h1:L/CwN0zerZDmRFUapSPitk6f+Q3+0za1rQkzVuMiMFI=
github.com/kr/pretty v0.1.0/go.mod h1:dAy3ld7l9f0ibDNOQOHHMYYIIbhfbHSm3C4ZsoJORNo=
github.com/kr/pty v1.1.1/go.mod h1:pFQYn66WHrOpPYNljwOMqo10TkYh1fy3cYio2l3bCsQ=
github.com/kr/text v0.1.0 h1:45sCR5RtlFHMR4UwH9sdQ5TC8v0qDQCHnXt+kaKSTVE=
github.com/kr/text v0.1.0/go.mod h1:4Jbv+DJW3UT/LiOwJeYQe1efqtUx/iVham/4vfdArNI=
github.com/lunixbochs/vtclean v0.0.0-20160125035106-4fbf7632a2c6/go.mod h1:pHhQNgMf3btfWnGBVipUOjRYhoOsdGqdm/+2c2E2WMI=
github.com/mattn/go-colorable v0.0.6/go.mod h1:9vuHe8Xs5qXnSaW/c/ABM9alt+Vo+STaOChaDxuIBZU=
github.com/mattn/go-isatty v0.0.0-20160806122752-66b8e73f3f5c/go.mod h1:M+lRXTBqGeGNdLjl/ufCoiOlB5xdOkqRJdNxMWT7Zi4=
github.com/matttproud/golang_protobuf_extensions v1.0.1 h1:4hp9jkHxhMHkqkrB3Ix0jegS5sx/RkqARlsWZ6pIwiU=
github.com/matttproud/golang_protobuf_extensions v1.0.1/go.mod h1:D8He9yQNgCq6Z5Ld7szi9bcBfOoFv/3dc6xSMkL2PC0=
github.com/pmezard/go-difflib v1.0.0 h1:4DBwDE0NGyQoBHbLQYPwSUPoCMWR5BEzIk/f1lZbAQM=
github.com/pmezard/go-difflib v1.0.0/go.mod h1:iKH77koFhYxTK1pcRnkKkqfTogsbg7gZNVY4sRDYZ/4=
github.com/prometheus/client_golang v0.0.0-20161124155732-575f371f7862/go.mod h1:7SWBe2y4D6OKWSNQJUaRYU/AaXPKyh/dDVn+NZz0KFw=
github.com/prometheus/client_golang v0.0.0-20180319131721-d49167c4b9f3 h1:IlkKMWpcBADSCBBkzSukNTFPfhEV+3VyGN4b0Wc2IUA=
github.com/prometheus/client_golang v0.0.0-20180319131721-d49167c4b9f3/go.mod h1:7SWBe2y4D6OKWSNQJUaRYU/AaXPKyh/dDVn+NZz0KFw=
github.com/prometheus/client_model v0.0.0-20180712105110-5c3871d89910 h1:idejC8f05m9MGOsuEi1ATq9shN03HrxNkD/luQvxCv8=
github.com/prometheus/client_model v0.0.0-20180712105110-5c3871d89910/go.mod h1:MbSGuTsp3dbXC40dX6PRTWyKYBIrTGTE9sqQNg2J8bo=
github.com/prometheus/common v0.0.0-20181020173914-7e9e6cabbd39 h1:Cto4X6SVMWRPBkJ/3YHn1iDGDGc/Z+sW+AEMKHMVvN4=
github.com/prometheus/common v0.0.0-20181020173914-7e9e6cabbd39/go.mod h1:daVV7qP5qjZbuso7PdcryaAu0sAZbrN9i7WWcTMWvro=
github.com/prometheus/procfs v0.0.0-20181005140218-185b4288413d h1:GoAlyOgbOEIFdaDqxJVlbOQ1DtGmZWs/Qau0hIlk+WQ=
github.com/prometheus/procfs v0.0.0-20181005140218-185b4288413d/go.mod h1:c3At6R/oaqEKCNdg8wHV1ftS6bRYblBhIjjI8uT2IGk=
github.com/rogpeppe/fastuuid v0.0.0-20150106093220-6724a57986af h1:gu+uRPtBe88sKxUCEXRoeCvVG90TJmwhiqRpvdhQFng=
github.com/rogpeppe/fastuuid v0.0.0-20150106093220-6724a57986af/go.mod h1:XWv6SoW27p1b0cqNHllgS5HIMJraePCO15w5zCzIWYg=
github.com/stretchr/testify v1.2.2 h1:bSDNvY7ZPG5RlJ8otE/7V6gMiyenm9RtJ7IUVIAoJ1w=
github.com/stretchr/testify v1.2.2/go.mod h1:a8OnRcib4nhh0OaRAV+Yts87kKdq0PP7pXfy6kDkUVs=
golang.org/x/crypto v0.0.0-20160922170629-8e06e8ddd962/go.mod h1:6SG95UA2DQfeDnfUPMdvaQW0Q7yPrPDi9nlGo2tz2b4=
golang.org/x/crypto v0.0.0-20180723164146-c126467f60eb h1:Ah9YqXLj6fEgeKqcmBuLCbAsrF3ScD7dJ/bYM0C6tXI=
golang.org/x/crypto v0.0.0-20180723164146-c126467f60eb/go.mod h1:6SG95UA2DQfeDnfUPMdvaQW0Q7yPrPDi9nlGo2tz2b4=
golang.org/x/net v0.0.0-20150829230318-ea47fc708ee3/go.mod h1:mL1N/T3taQHkDXs73rZJwtUhF3w3ftmwwsq0BUmARs4=
golang.org/x/net v0.0.0-20180724234803-3673e40ba225/go.mod h1:mL1N/T3taQHkDXs73rZJwtUhF3w3ftmwwsq0BUmARs4=
golang.org/x/net v0.0.0-20181029044818-c44066c5c816 h1:mVFkLpejdFLXVUv9E42f3XJVfMdqd0IVLVIVLjZWn5o=
golang.org/x/net v0.0.0-20181029044818-c44066c5c816/go.mod h1:mL1N/T3taQHkDXs73rZJwtUhF3w3ftmwwsq0BUmARs4=
golang.org/x/sync v0.0.0-20180314180146-1d60e4601c6f h1:wMNYb4v58l5UBM7MYRLPG6ZhfOqbKu7X5eyFl8ZhKvA=
golang.org/x/sync v0.0.0-20180314180146-1d60e4601c6f/go.mod h1:RxMgew5VJxzue5/jJTE5uejpjVlOe/izrB70Jof72aM=
golang.org/x/tools v0.0.0-20180911133044-677d2ff680c1/go.mod h1:n7NCudcB/nEzxVGmLbDWY5pfWTLqBcC2KZ6jyYvM4mQ=
gopkg.in/check.v1 v0.0.0-20161208181325-20d25e280405/go.mod h1:Co6ibVJAznAaIkqp8huTwlJQCZ016jof/cbN4VW5Yz0=
gopkg.in/check.v1 v1.0.0-20160105164936-4f90aeace3a2/go.mod h1:Co6ibVJAznAaIkqp8huTwlJQCZ016jof/cbN4VW5Yz0=
gopkg.in/check.v1 v1.0.0-20180628173108-788fd7840127 h1:qIbj1fsPNlZgppZ+VLlY7N33q108Sa+fhmuc+sWQYwY=
gopkg.in/check.v1 v1.0.0-20180628173108-788fd7840127/go.mod h1:Co6ibVJAznAaIkqp8huTwlJQCZ016jof/cbN4VW5Yz0=
gopkg.in/errgo.v1 v1.0.0-20151007153157-66cb46252b94/go.mod h1:u0ALmqvLRxLI95fkdCEWrE6mhWYZW1aMOJHp5YXLHTg=
gopkg.in/errgo.v1 v1.0.0 h1:n+7XfCyygBFb8sEjg6692xjC6Us50TFRO54+xYUEwjE=
gopkg.in/errgo.v1 v1.0.0/go.mod h1:CxwszS/Xz1C49Ucd2i6Zil5UToP1EmyrFhKaMVbg1mk=
gopkg.in/goose.v2 v2.0.0-20180816040309-cf9b64132d71 h1:mKmO79cVms+sEcZgizth0rz9prkVhwYjWJWxCmJoOdQ=
gopkg.in/goose.v2 v2.0.0-20180816040309-cf9b64132d71/go.mod h1:X3PYCIEMHdiiAiEpk6rdBgT6ACN+bfZWQ6y1G6qGJ+c=
gopkg.in/httprequest.v1 v1.0.0-20180319125457-3531529dedf0 h1:TA78IWGmXkHRSpdVn/U2qqyTCmG+2ogcpq2pV6v2NS4=
gopkg.in/httprequest.v1 v1.0.0-20180319125457-3531529dedf0/go.mod h1:/CkavNL+g3qLOrpFHVrEx4NKepeqR4XTZWNj4sGGjz0=
gopkg.in/juju/charm.v6 v6.0.0-20180803030015-abaa717bc6ed h1:26cVnCC+fG3n83KAhiLZtrHJK1R3sGR6ykiN2ufO85E=
gopkg.in/juju/charm.v6 v6.0.0-20180803030015-abaa717bc6ed/go.mod h1:281mnuYcs2K9RJNBwP33vlsqQvd2sWs/052ypKpAs2c=
gopkg.in/juju/charmrepo.v3 v3.0.1 h1:mm7/CwCczsO7JYHlYkw4iCUYR7X8upEOaY5bYj7eUkw=
gopkg.in/juju/charmrepo.v3 v3.0.1/go.mod h1:668xH3HE/21XxiU1h4WIkc4tX2QjG5tmZeVmUMDYXYA=
gopkg.in/juju/jujusvg.v3 v3.0.0-20180629065738-1ebf5c5481e8 h1:Xq1uwjNDSbxdZtkVgBD49tcYA7ZAzKLE3Vzz7VNyXv0=
gopkg.in/juju/jujusvg.v3 v3.0.0-20180629065738-1ebf5c5481e8/go.mod h1:uIEctZrm7CelaLTco1ugaXeigXUtGguk99joF/Epxc4=
gopkg.in/juju/names.v2 v2.0.0-20180621093930-fd59336b4621 h1:7IcAZvbCvk9R2jC+M0eA8RFKsYEYOvRejWLhUnKGWHU=
gopkg.in/juju/names.v2 v2.0.0-20180621093930-fd59336b4621/go.mod h1:XXa/v5qG1IsStRg5KTE8JkDMndoDMOKH1YYw0jSUWaM=
gopkg.in/juju/worker.v1 v1.0.0-20170308002458-6965b9d82671 h1:qzNcnTcLIaXGmtKAjyiXEQQFYFRLvH6yuU7Lw8YJPr8=
gopkg.in/juju/worker.v1 v1.0.0-20170308002458-6965b9d82671/go.mod h1:qrHtdkZtlLoAWF0wb7YwrREeiitm5EzizN0MmIbAFxA=
gopkg.in/macaroon-bakery.v2-unstable v2.0.0-20160623142747-5a131df02b23 h1:S88MgoRPFdaABeKpvhA0IOsNheGcGgPSRp96Fd5vblw=
gopkg.in/macaroon-bakery.v2-unstable v2.0.0-20160623142747-5a131df02b23/go.mod h1:53bMIZyOgPepp72UGm3VktAilV+WdJdp6EdCx27mNy4=
gopkg.in/macaroon.v2-unstable v2.0.0-20180309131217-66ab28d0d56f h1:8hfmaQW+QZ7wIMQdPiJ2dbTlKvCFv8XLj/ZzkV1XM+g=
gopkg.in/macaroon.v2-unstable v2.0.0-20180309131217-66ab28d0d56f/go.mod h1:is/o1iMtbJ8TwBvtmV/w/HLJ8r8DcuBqlU2cdi+80OI=
gopkg.in/mgo.v2 v2.0.0-20160818015218-f2b6f6c918c4/go.mod h1:yeKp02qBN3iKW1OzL3MGk2IdtZzaj7SFntXj72NppTA=
gopkg.in/mgo.v2 v2.0.0-20180705113604-9856a29383ce h1:xcEWjVhvbDy+nHP67nPDDpbYrY+ILlfndk4bRioVHaU=
gopkg.in/mgo.v2 v2.0.0-20180705113604-9856a29383ce/go.mod h1:yeKp02qBN3iKW1OzL3MGk2IdtZzaj7SFntXj72NppTA=
gopkg.in/natefinch/lumberjack.v2 v2.0.0-20170531180850-df99d62fd42d h1:OcCVYXNtNR0atgUveHvW25qtiCQv+2OqEUQ0SABShpE=
gopkg.in/natefinch/lumberjack.v2 v2.0.0-20170531180850-df99d62fd42d/go.mod h1:l0ndWWf7gzL7RNwBG7wST/UCcT4T24xpD6X8LsfU/+k=
gopkg.in/retry.v1 v1.0.2 h1:PxdjsMtWk8Yk224+P2Umsbc7D6niLXw2VNcl2tr/fVY=
gopkg.in/retry.v1 v1.0.2/go.mod h1:tLRIBNXxoKtalyAWBSIbHdWkIBN2x9jVEm5l0Z+BjXs=
gopkg.in/tomb.v1 v1.0.0-20141024135613-dd632973f1e7 h1:uRGJdciOHaEIrze2W8Q3AKkepLTh2hOroT7a+7czfdQ=
gopkg.in/tomb.v1 v1.0.0-20141024135613-dd632973f1e7/go.mod h1:dt/ZhP58zS4L8KSrWDmTeBkI65Dw0HsyUHuEVlX15mw=
gopkg.in/tomb.v2 v2.0.0-20161208151619-d5d1b5820637 h1:yiW+nvdHb9LVqSHQBXfZCieqV4fzYhNBql77zY0ykqs=
gopkg.in/tomb.v2 v2.0.0-20161208151619-d5d1b5820637/go.mod h1:BHsqpu/nsuzkT5BpiH1EMZPLyqSMM8JbIavyFACoFNk=
gopkg.in/yaml.v2 v2.0.0-20160301204022-a83829b6f129/go.mod h1:JAlM8MvJe8wmxCU4Bli9HhUf9+ttbYbLASfIpnQbh74=
gopkg.in/yaml.v2 v2.2.1 h1:mUhvW9EsL+naU5Q3cakzfE91YhliOondGd6ZrsDBHQE=
gopkg.in/yaml.v2 v2.2.1/go.mod h1:hI93XBmqTisBFMUTm0b8Fm+jr3Dg1NNxqwp+5A1VGuI=
